// !$*UTF8*$!
{
	archiveVersion = 1;
	classes = {
	};
	objectVersion = 46;
	objects = {

/* Begin PBXBuildFile section */
		81BC2EB31C1E1B2B00A525D4 /* AppDelegate.swift in Sources */ = {isa = PBXBuildFile; fileRef = 81BC2EB21C1E1B2B00A525D4 /* AppDelegate.swift */; };
		81BC2EB51C1E1B2B00A525D4 /* ViewController.swift in Sources */ = {isa = PBXBuildFile; fileRef = 81BC2EB41C1E1B2B00A525D4 /* ViewController.swift */; };
		81BC2EB81C1E1B2B00A525D4 /* Main.storyboard in Resources */ = {isa = PBXBuildFile; fileRef = 81BC2EB61C1E1B2B00A525D4 /* Main.storyboard */; };
		81BC2EBA1C1E1B2B00A525D4 /* Assets.xcassets in Resources */ = {isa = PBXBuildFile; fileRef = 81BC2EB91C1E1B2B00A525D4 /* Assets.xcassets */; };
		81BC2EBD1C1E1B2B00A525D4 /* LaunchScreen.storyboard in Resources */ = {isa = PBXBuildFile; fileRef = 81BC2EBB1C1E1B2B00A525D4 /* LaunchScreen.storyboard */; };
		81BC2EC81C1E1B2C00A525D4 /* tipCalculatorTests.swift in Sources */ = {isa = PBXBuildFile; fileRef = 81BC2EC71C1E1B2C00A525D4 /* tipCalculatorTests.swift */; };
		81BC2ED31C1E1B2C00A525D4 /* tipCalculatorUITests.swift in Sources */ = {isa = PBXBuildFile; fileRef = 81BC2ED21C1E1B2C00A525D4 /* tipCalculatorUITests.swift */; };
		81BC2EE11C1E226800A525D4 /* SettingsViewController.swift in Sources */ = {isa = PBXBuildFile; fileRef = 81BC2EE01C1E226800A525D4 /* SettingsViewController.swift */; };
/* End PBXBuildFile section */

/* Begin PBXContainerItemProxy section */
		81BC2EC41C1E1B2B00A525D4 /* PBXContainerItemProxy */ = {
			isa = PBXContainerItemProxy;
			containerPortal = 81BC2EA71C1E1B2B00A525D4 /* Project object */;
			proxyType = 1;
			remoteGlobalIDString = 81BC2EAE1C1E1B2B00A525D4;
			remoteInfo = tipCalculator;
		};
		81BC2ECF1C1E1B2C00A525D4 /* PBXContainerItemProxy */ = {
			isa = PBXContainerItemProxy;
			containerPortal = 81BC2EA71C1E1B2B00A525D4 /* Project object */;
			proxyType = 1;
			remoteGlobalIDString = 81BC2EAE1C1E1B2B00A525D4;
			remoteInfo = tipCalculator;
		};
/* End PBXContainerItemProxy section */

/* Begin PBXFileReference section */
		81BC2EAF1C1E1B2B00A525D4 /* tipCalculator.app */ = {isa = PBXFileReference; explicitFileType = wrapper.application; includeInIndex = 0; path = tipCalculator.app; sourceTree = BUILT_PRODUCTS_DIR; };
		81BC2EB21C1E1B2B00A525D4 /* AppDelegate.swift */ = {isa = PBXFileReference; lastKnownFileType = sourcecode.swift; path = AppDelegate.swift; sourceTree = "<group>"; };
		81BC2EB41C1E1B2B00A525D4 /* ViewController.swift */ = {isa = PBXFileReference; lastKnownFileType = sourcecode.swift; path = ViewController.swift; sourceTree = "<group>"; };
		81BC2EB71C1E1B2B00A525D4 /* Base */ = {isa = PBXFileReference; lastKnownFileType = file.storyboard; name = Base; path = Base.lproj/Main.storyboard; sourceTree = "<group>"; };
		81BC2EB91C1E1B2B00A525D4 /* Assets.xcassets */ = {isa = PBXFileReference; lastKnownFileType = folder.assetcatalog; path = Assets.xcassets; sourceTree = "<group>"; };
		81BC2EBC1C1E1B2B00A525D4 /* Base */ = {isa = PBXFileReference; lastKnownFileType = file.storyboard; name = Base; path = Base.lproj/LaunchScreen.storyboard; sourceTree = "<group>"; };
		81BC2EBE1C1E1B2B00A525D4 /* Info.plist */ = {isa = PBXFileReference; lastKnownFileType = text.plist.xml; path = Info.plist; sourceTree = "<group>"; };
		81BC2EC31C1E1B2B00A525D4 /* tipCalculatorTests.xctest */ = {isa = PBXFileReference; explicitFileType = wrapper.cfbundle; includeInIndex = 0; path = tipCalculatorTests.xctest; sourceTree = BUILT_PRODUCTS_DIR; };
		81BC2EC71C1E1B2C00A525D4 /* tipCalculatorTests.swift */ = {isa = PBXFileReference; lastKnownFileType = sourcecode.swift; path = tipCalculatorTests.swift; sourceTree = "<group>"; };
		81BC2EC91C1E1B2C00A525D4 /* Info.plist */ = {isa = PBXFileReference; lastKnownFileType = text.plist.xml; path = Info.plist; sourceTree = "<group>"; };
		81BC2ECE1C1E1B2C00A525D4 /* tipCalculatorUITests.xctest */ = {isa = PBXFileReference; explicitFileType = wrapper.cfbundle; includeInIndex = 0; path = tipCalculatorUITests.xctest; sourceTree = BUILT_PRODUCTS_DIR; };
		81BC2ED21C1E1B2C00A525D4 /* tipCalculatorUITests.swift */ = {isa = PBXFileReference; lastKnownFileType = sourcecode.swift; path = tipCalculatorUITests.swift; sourceTree = "<group>"; };
		81BC2ED41C1E1B2C00A525D4 /* Info.plist */ = {isa = PBXFileReference; lastKnownFileType = text.plist.xml; path = Info.plist; sourceTree = "<group>"; };
		81BC2EE01C1E226800A525D4 /* SettingsViewController.swift */ = {isa = PBXFileReference; fileEncoding = 4; lastKnownFileType = sourcecode.swift; path = SettingsViewController.swift; sourceTree = "<group>"; };
/* End PBXFileReference section */

/* Begin PBXFrameworksBuildPhase section */
		81BC2EAC1C1E1B2B00A525D4 /* Frameworks */ = {
			isa = PBXFrameworksBuildPhase;
			buildActionMask = 2147483647;
			files = (
			);
			runOnlyForDeploymentPostprocessing = 0;
		};
		81BC2EC01C1E1B2B00A525D4 /* Frameworks */ = {
			isa = PBXFrameworksBuildPhase;
			buildActionMask = 2147483647;
			files = (
			);
			runOnlyForDeploymentPostprocessing = 0;
		};
		81BC2ECB1C1E1B2C00A525D4 /* Frameworks */ = {
			isa = PBXFrameworksBuildPhase;
			buildActionMask = 2147483647;
			files = (
			);
			runOnlyForDeploymentPostprocessing = 0;
		};
/* End PBXFrameworksBuildPhase section */

/* Begin PBXGroup section */
		81BC2EA61C1E1B2B00A525D4 = {
			isa = PBXGroup;
			children = (
				81BC2EB11C1E1B2B00A525D4 /* tipCalculator */,
				81BC2EC61C1E1B2B00A525D4 /* tipCalculatorTests */,
				81BC2ED11C1E1B2C00A525D4 /* tipCalculatorUITests */,
				81BC2EB01C1E1B2B00A525D4 /* Products */,
			);
			sourceTree = "<group>";
		};
		81BC2EB01C1E1B2B00A525D4 /* Products */ = {
			isa = PBXGroup;
			children = (
				81BC2EAF1C1E1B2B00A525D4 /* tipCalculator.app */,
				81BC2EC31C1E1B2B00A525D4 /* tipCalculatorTests.xctest */,
				81BC2ECE1C1E1B2C00A525D4 /* tipCalculatorUITests.xctest */,
			);
			name = Products;
			sourceTree = "<group>";
		};
		81BC2EB11C1E1B2B00A525D4 /* tipCalculator */ = {
			isa = PBXGroup;
			children = (
				81BC2EB21C1E1B2B00A525D4 /* AppDelegate.swift */,
				81BC2EB41C1E1B2B00A525D4 /* ViewController.swift */,
				81BC2EB61C1E1B2B00A525D4 /* Main.storyboard */,
				81BC2EE01C1E226800A525D4 /* SettingsViewController.swift */,
				81BC2EB91C1E1B2B00A525D4 /* Assets.xcassets */,
				81BC2EBB1C1E1B2B00A525D4 /* LaunchScreen.storyboard */,
				81BC2EBE1C1E1B2B00A525D4 /* Info.plist */,
			);
			path = tipCalculator;
			sourceTree = "<group>";
		};
		81BC2EC61C1E1B2B00A525D4 /* tipCalculatorTests */ = {
			isa = PBXGroup;
			children = (
				81BC2EC71C1E1B2C00A525D4 /* tipCalculatorTests.swift */,
				81BC2EC91C1E1B2C00A525D4 /* Info.plist */,
			);
			path = tipCalculatorTests;
			sourceTree = "<group>";
		};
		81BC2ED11C1E1B2C00A525D4 /* tipCalculatorUITests */ = {
			isa = PBXGroup;
			children = (
				81BC2ED21C1E1B2C00A525D4 /* tipCalculatorUITests.swift */,
				81BC2ED41C1E1B2C00A525D4 /* Info.plist */,
			);
			path = tipCalculatorUITests;
			sourceTree = "<group>";
		};
/* End PBXGroup section */

/* Begin PBXNativeTarget section */
		81BC2EAE1C1E1B2B00A525D4 /* tipCalculator */ = {
			isa = PBXNativeTarget;
			buildConfigurationList = 81BC2ED71C1E1B2C00A525D4 /* Build configuration list for PBXNativeTarget "tipCalculator" */;
			buildPhases = (
				81BC2EAB1C1E1B2B00A525D4 /* Sources */,
				81BC2EAC1C1E1B2B00A525D4 /* Frameworks */,
				81BC2EAD1C1E1B2B00A525D4 /* Resources */,
			);
			buildRules = (
			);
			dependencies = (
			);
			name = tipCalculator;
			productName = tipCalculator;
			productReference = 81BC2EAF1C1E1B2B00A525D4 /* tipCalculator.app */;
			productType = "com.apple.product-type.application";
		};
		81BC2EC21C1E1B2B00A525D4 /* tipCalculatorTests */ = {
			isa = PBXNativeTarget;
			buildConfigurationList = 81BC2EDA1C1E1B2C00A525D4 /* Build configuration list for PBXNativeTarget "tipCalculatorTests" */;
			buildPhases = (
				81BC2EBF1C1E1B2B00A525D4 /* Sources */,
				81BC2EC01C1E1B2B00A525D4 /* Frameworks */,
				81BC2EC11C1E1B2B00A525D4 /* Resources */,
			);
			buildRules = (
			);
			dependencies = (
				81BC2EC51C1E1B2B00A525D4 /* PBXTargetDependency */,
			);
			name = tipCalculatorTests;
			productName = tipCalculatorTests;
			productReference = 81BC2EC31C1E1B2B00A525D4 /* tipCalculatorTests.xctest */;
			productType = "com.apple.product-type.bundle.unit-test";
		};
		81BC2ECD1C1E1B2C00A525D4 /* tipCalculatorUITests */ = {
			isa = PBXNativeTarget;
			buildConfigurationList = 81BC2EDD1C1E1B2C00A525D4 /* Build configuration list for PBXNativeTarget "tipCalculatorUITests" */;
			buildPhases = (
				81BC2ECA1C1E1B2C00A525D4 /* Sources */,
				81BC2ECB1C1E1B2C00A525D4 /* Frameworks */,
				81BC2ECC1C1E1B2C00A525D4 /* Resources */,
			);
			buildRules = (
			);
			dependencies = (
				81BC2ED01C1E1B2C00A525D4 /* PBXTargetDependency */,
			);
			name = tipCalculatorUITests;
			productName = tipCalculatorUITests;
			productReference = 81BC2ECE1C1E1B2C00A525D4 /* tipCalculatorUITests.xctest */;
			productType = "com.apple.product-type.bundle.ui-testing";
		};
/* End PBXNativeTarget section */

/* Begin PBXProject section */
		81BC2EA71C1E1B2B00A525D4 /* Project object */ = {
			isa = PBXProject;
			attributes = {
				LastSwiftUpdateCheck = 0710;
				LastUpgradeCheck = 0710;
				ORGANIZATIONNAME = codepath;
				TargetAttributes = {
					81BC2EAE1C1E1B2B00A525D4 = {
						CreatedOnToolsVersion = 7.1.1;
						DevelopmentTeam = 9BYG6B466G;
					};
					81BC2EC21C1E1B2B00A525D4 = {
						CreatedOnToolsVersion = 7.1.1;
						DevelopmentTeam = 9BYG6B466G;
						TestTargetID = 81BC2EAE1C1E1B2B00A525D4;
					};
					81BC2ECD1C1E1B2C00A525D4 = {
						CreatedOnToolsVersion = 7.1.1;
						DevelopmentTeam = 9BYG6B466G;
						TestTargetID = 81BC2EAE1C1E1B2B00A525D4;
					};
				};
			};
			buildConfigurationList = 81BC2EAA1C1E1B2B00A525D4 /* Build configuration list for PBXProject "tipCalculator" */;
			compatibilityVersion = "Xcode 3.2";
			developmentRegion = English;
			hasScannedForEncodings = 0;
			knownRegions = (
				en,
				Base,
			);
			mainGroup = 81BC2EA61C1E1B2B00A525D4;
			productRefGroup = 81BC2EB01C1E1B2B00A525D4 /* Products */;
			projectDirPath = "";
			projectRoot = "";
			targets = (
				81BC2EAE1C1E1B2B00A525D4 /* tipCalculator */,
				81BC2EC21C1E1B2B00A525D4 /* tipCalculatorTests */,
				81BC2ECD1C1E1B2C00A525D4 /* tipCalculatorUITests */,
			);
		};
/* End PBXProject section */

/* Begin PBXResourcesBuildPhase section */
		81BC2EAD1C1E1B2B00A525D4 /* Resources */ = {
			isa = PBXResourcesBuildPhase;
			buildActionMask = 2147483647;
			files = (
				81BC2EBD1C1E1B2B00A525D4 /* LaunchScreen.storyboard in Resources */,
				81BC2EBA1C1E1B2B00A525D4 /* Assets.xcassets in Resources */,
				81BC2EB81C1E1B2B00A525D4 /* Main.storyboard in Resources */,
			);
			runOnlyForDeploymentPostprocessing = 0;
		};
		81BC2EC11C1E1B2B00A525D4 /* Resources */ = {
			isa = PBXResourcesBuildPhase;
			buildActionMask = 2147483647;
			files = (
			);
			runOnlyForDeploymentPostprocessing = 0;
		};
		81BC2ECC1C1E1B2C00A525D4 /* Resources */ = {
			isa = PBXResourcesBuildPhase;
			buildActionMask = 2147483647;
			files = (
			);
			runOnlyForDeploymentPostprocessing = 0;
		};
/* End PBXResourcesBuildPhase section */

/* Begin PBXSourcesBuildPhase section */
		81BC2EAB1C1E1B2B00A525D4 /* Sources */ = {
			isa = PBXSourcesBuildPhase;
			buildActionMask = 2147483647;
			files = (
				81BC2EB51C1E1B2B00A525D4 /* ViewController.swift in Sources */,
				81BC2EB31C1E1B2B00A525D4 /* AppDelegate.swift in Sources */,
				81BC2EE11C1E226800A525D4 /* SettingsViewController.swift in Sources */,
			);
			runOnlyForDeploymentPostprocessing = 0;
		};
		81BC2EBF1C1E1B2B00A525D4 /* Sources */ = {
			isa = PBXSourcesBuildPhase;
			buildActionMask = 2147483647;
			files = (
				81BC2EC81C1E1B2C00A525D4 /* tipCalculatorTests.swift in Sources */,
			);
			runOnlyForDeploymentPostprocessing = 0;
		};
		81BC2ECA1C1E1B2C00A525D4 /* Sources */ = {
			isa = PBXSourcesBuildPhase;
			buildActionMask = 2147483647;
			files = (
				81BC2ED31C1E1B2C00A525D4 /* tipCalculatorUITests.swift in Sources */,
			);
			runOnlyForDeploymentPostprocessing = 0;
		};
/* End PBXSourcesBuildPhase section */

/* Begin PBXTargetDependency section */
		81BC2EC51C1E1B2B00A525D4 /* PBXTargetDependency */ = {
			isa = PBXTargetDependency;
			target = 81BC2EAE1C1E1B2B00A525D4 /* tipCalculator */;
			targetProxy = 81BC2EC41C1E1B2B00A525D4 /* PBXContainerItemProxy */;
		};
		81BC2ED01C1E1B2C00A525D4 /* PBXTargetDependency */ = {
			isa = PBXTargetDependency;
			target = 81BC2EAE1C1E1B2B00A525D4 /* tipCalculator */;
			targetProxy = 81BC2ECF1C1E1B2C00A525D4 /* PBXContainerItemProxy */;
		};
/* End PBXTargetDependency section */

/* Begin PBXVariantGroup section */
		81BC2EB61C1E1B2B00A525D4 /* Main.storyboard */ = {
			isa = PBXVariantGroup;
			children = (
				81BC2EB71C1E1B2B00A525D4 /* Base */,
			);
			name = Main.storyboard;
			sourceTree = "<group>";
		};
		81BC2EBB1C1E1B2B00A525D4 /* LaunchScreen.storyboard */ = {
			isa = PBXVariantGroup;
			children = (
				81BC2EBC1C1E1B2B00A525D4 /* Base */,
			);
			name = LaunchScreen.storyboard;
			sourceTree = "<group>";
		};
/* End PBXVariantGroup section */

/* Begin XCBuildConfiguration section */
		81BC2ED51C1E1B2C00A525D4 /* Debug */ = {
			isa = XCBuildConfiguration;
			buildSettings = {
				ALWAYS_SEARCH_USER_PATHS = NO;
				CLANG_CXX_LANGUAGE_STANDARD = "gnu++0x";
				CLANG_CXX_LIBRARY = "libc++";
				CLANG_ENABLE_MODULES = YES;
				CLANG_ENABLE_OBJC_ARC = YES;
				CLANG_WARN_BOOL_CONVERSION = YES;
				CLANG_WARN_CONSTANT_CONVERSION = YES;
				CLANG_WARN_DIRECT_OBJC_ISA_USAGE = YES_ERROR;
				CLANG_WARN_EMPTY_BODY = YES;
				CLANG_WARN_ENUM_CONVERSION = YES;
				CLANG_WARN_INT_CONVERSION = YES;
				CLANG_WARN_OBJC_ROOT_CLASS = YES_ERROR;
				CLANG_WARN_UNREACHABLE_CODE = YES;
				CLANG_WARN__DUPLICATE_METHOD_MATCH = YES;
				"CODE_SIGN_IDENTITY[sdk=iphoneos*]" = "iPhone Developer";
				COPY_PHASE_STRIP = NO;
				DEBUG_INFORMATION_FORMAT = dwarf;
				ENABLE_STRICT_OBJC_MSGSEND = YES;
				ENABLE_TESTABILITY = YES;
				GCC_C_LANGUAGE_STANDARD = gnu99;
				GCC_DYNAMIC_NO_PIC = NO;
				GCC_NO_COMMON_BLOCKS = YES;
				GCC_OPTIMIZATION_LEVEL = 0;
				GCC_PREPROCESSOR_DEFINITIONS = (
					"DEBUG=1",
					"$(inherited)",
				);
				GCC_WARN_64_TO_32_BIT_CONVERSION = YES;
				GCC_WARN_ABOUT_RETURN_TYPE = YES_ERROR;
				GCC_WARN_UNDECLARED_SELECTOR = YES;
				GCC_WARN_UNINITIALIZED_AUTOS = YES_AGGRESSIVE;
				GCC_WARN_UNUSED_FUNCTION = YES;
				GCC_WARN_UNUSED_VARIABLE = YES;
				IPHONEOS_DEPLOYMENT_TARGET = 9.1;
				MTL_ENABLE_DEBUG_INFO = YES;
				ONLY_ACTIVE_ARCH = YES;
				SDKROOT = iphoneos;
				SWIFT_OPTIMIZATION_LEVEL = "-Onone";
			};
			name = Debug;
		};
		81BC2ED61C1E1B2C00A525D4 /* Release */ = {
			isa = XCBuildConfiguration;
			buildSettings = {
				ALWAYS_SEARCH_USER_PATHS = NO;
				CLANG_CXX_LANGUAGE_STANDARD = "gnu++0x";
				CLANG_CXX_LIBRARY = "libc++";
				CLANG_ENABLE_MODULES = YES;
				CLANG_ENABLE_OBJC_ARC = YES;
				CLANG_WARN_BOOL_CONVERSION = YES;
				CLANG_WARN_CONSTANT_CONVERSION = YES;
				CLANG_WARN_DIRECT_OBJC_ISA_USAGE = YES_ERROR;
				CLANG_WARN_EMPTY_BODY = YES;
				CLANG_WARN_ENUM_CONVERSION = YES;
				CLANG_WARN_INT_CONVERSION = YES;
				CLANG_WARN_OBJC_ROOT_CLASS = YES_ERROR;
				CLANG_WARN_UNREACHABLE_CODE = YES;
				CLANG_WARN__DUPLICATE_METHOD_MATCH = YES;
				"CODE_SIGN_IDENTITY[sdk=iphoneos*]" = "iPhone Developer";
				COPY_PHASE_STRIP = NO;
				DEBUG_INFORMATION_FORMAT = "dwarf-with-dsym";
				ENABLE_NS_ASSERTIONS = NO;
				ENABLE_STRICT_OBJC_MSGSEND = YES;
				GCC_C_LANGUAGE_STANDARD = gnu99;
				GCC_NO_COMMON_BLOCKS = YES;
				GCC_WARN_64_TO_32_BIT_CONVERSION = YES;
				GCC_WARN_ABOUT_RETURN_TYPE = YES_ERROR;
				GCC_WARN_UNDECLARED_SELECTOR = YES;
				GCC_WARN_UNINITIALIZED_AUTOS = YES_AGGRESSIVE;
				GCC_WARN_UNUSED_FUNCTION = YES;
				GCC_WARN_UNUSED_VARIABLE = YES;
				IPHONEOS_DEPLOYMENT_TARGET = 9.1;
				MTL_ENABLE_DEBUG_INFO = NO;
				SDKROOT = iphoneos;
				VALIDATE_PRODUCT = YES;
			};
			name = Release;
		};
		81BC2ED81C1E1B2C00A525D4 /* Debug */ = {
			isa = XCBuildConfiguration;
			buildSettings = {
				ASSETCATALOG_COMPILER_APPICON_NAME = AppIcon;
				INFOPLIST_FILE = tipCalculator/Info.plist;
				LD_RUNPATH_SEARCH_PATHS = "$(inherited) @executable_path/Frameworks";
				PRODUCT_BUNDLE_IDENTIFIER = com.CodePath.blah;
				PRODUCT_NAME = "$(TARGET_NAME)";
			};
			name = Debug;
		};
		81BC2ED91C1E1B2C00A525D4 /* Release */ = {
			isa = XCBuildConfiguration;
			buildSettings = {
				ASSETCATALOG_COMPILER_APPICON_NAME = AppIcon;
				INFOPLIST_FILE = tipCalculator/Info.plist;
				LD_RUNPATH_SEARCH_PATHS = "$(inherited) @executable_path/Frameworks";
				PRODUCT_BUNDLE_IDENTIFIER = com.CodePath.blah;
				PRODUCT_NAME = "$(TARGET_NAME)";
			};
			name = Release;
		};
		81BC2EDB1C1E1B2C00A525D4 /* Debug */ = {
			isa = XCBuildConfiguration;
			buildSettings = {
				BUNDLE_LOADER = "$(TEST_HOST)";
				INFOPLIST_FILE = tipCalculatorTests/Info.plist;
				LD_RUNPATH_SEARCH_PATHS = "$(inherited) @executable_path/Frameworks @loader_path/Frameworks";
				PRODUCT_BUNDLE_IDENTIFIER = com.codepath.tipCalculatorTests;
				PRODUCT_NAME = "$(TARGET_NAME)";
				TEST_HOST = "$(BUILT_PRODUCTS_DIR)/tipCalculator.app/tipCalculator";
			};
			name = Debug;
		};
		81BC2EDC1C1E1B2C00A525D4 /* Release */ = {
			isa = XCBuildConfiguration;
			buildSettings = {
				BUNDLE_LOADER = "$(TEST_HOST)";
				INFOPLIST_FILE = tipCalculatorTests/Info.plist;
				LD_RUNPATH_SEARCH_PATHS = "$(inherited) @executable_path/Frameworks @loader_path/Frameworks";
				PRODUCT_BUNDLE_IDENTIFIER = com.codepath.tipCalculatorTests;
				PRODUCT_NAME = "$(TARGET_NAME)";
				TEST_HOST = "$(BUILT_PRODUCTS_DIR)/tipCalculator.app/tipCalculator";
			};
			name = Release;
		};
		81BC2EDE1C1E1B2C00A525D4 /* Debug */ = {
			isa = XCBuildConfiguration;
			buildSettings = {
				INFOPLIST_FILE = tipCalculatorUITests/Info.plist;
				LD_RUNPATH_SEARCH_PATHS = "$(inherited) @executable_path/Frameworks @loader_path/Frameworks";
				PRODUCT_BUNDLE_IDENTIFIER = com.codepath.tipCalculatorUITests;
				PRODUCT_NAME = "$(TARGET_NAME)";
				TEST_TARGET_NAME = tipCalculator;
				USES_XCTRUNNER = YES;
			};
			name = Debug;
		};
		81BC2EDF1C1E1B2C00A525D4 /* Release */ = {
			isa = XCBuildConfiguration;
			buildSettings = {
				INFOPLIST_FILE = tipCalculatorUITests/Info.plist;
				LD_RUNPATH_SEARCH_PATHS = "$(inherited) @executable_path/Frameworks @loader_path/Frameworks";
				PRODUCT_BUNDLE_IDENTIFIER = com.codepath.tipCalculatorUITests;
				PRODUCT_NAME = "$(TARGET_NAME)";
				TEST_TARGET_NAME = tipCalculator;
				USES_XCTRUNNER = YES;
			};
			name = Release;
		};
/* End XCBuildConfiguration section */

/* Begin XCConfigurationList section */
		81BC2EAA1C1E1B2B00A525D4 /* Build configuration list for PBXProject "tipCalculator" */ = {
			isa = XCConfigurationList;
			buildConfigurations = (
				81BC2ED51C1E1B2C00A525D4 /* Debug */,
				81BC2ED61C1E1B2C00A525D4 /* Release */,
			);
			defaultConfigurationIsVisible = 0;
			defaultConfigurationName = Release;
		};
		81BC2ED71C1E1B2C00A525D4 /* Build configuration list for PBXNativeTarget "tipCalculator" */ = {
			isa = XCConfigurationList;
			buildConfigurations = (
				81BC2ED81C1E1B2C00A525D4 /* Debug */,
				81BC2ED91C1E1B2C00A525D4 /* Release */,
			);
			defaultConfigurationIsVisible = 0;
			defaultConfigurationName = Release;
		};
		81BC2EDA1C1E1B2C00A525D4 /* Build configuration list for PBXNativeTarget "tipCalculatorTests" */ = {
			isa = XCConfigurationList;
			buildConfigurations = (
				81BC2EDB1C1E1B2C00A525D4 /* Debug */,
				81BC2EDC1C1E1B2C00A525D4 /* Release */,
			);
			defaultConfigurationIsVisible = 0;
			defaultConfigurationName = Release;
		};
		81BC2EDD1C1E1B2C00A525D4 /* Build configuration list for PBXNativeTarget "tipCalculatorUITests" */ = {
			isa = XCConfigurationList;
			buildConfigurations = (
				81BC2EDE1C1E1B2C00A525D4 /* Debug */,
				81BC2EDF1C1E1B2C00A525D4 /* Release */,
			);
			defaultConfigurationIsVisible = 0;
			defaultConfigurationName = Release;
		};
/* End XCConfigurationList section */
	};
	rootObject = 81BC2EA71C1E1B2B00A525D4 /* Project object */;
}
